
Microsoft Visual Studio Solution File, Format Version 12.00
# Visual Studio Version 16
VisualStudioVersion = 16.0.30717.126
MinimumVisualStudioVersion = 10.0.40219.1
Project("{8BC9CEB8-8B4A-11D0-8D11-00A0C91BC942}") = "3.1", "3.1\3.1.vcxproj", "{B768F37F-2E77-497A-9D63-CA412D190DA5}"
EndProject
Project("{8BC9CEB8-8B4A-11D0-8D11-00A0C91BC942}") = "UnitTest3.1", "UnitTest3.1\UnitTest3.1.vcxproj", "{77B116E2-CD4A-463D-817A-66708FC00D0C}"
EndProject
Global
	GlobalSection(SolutionConfigurationPlatforms) = preSolution
		Debug|x64 = Debug|x64
		Debug|x86 = Debug|x86
		Release|x64 = Release|x64
		Release|x86 = Release|x86
	EndGlobalSection
	GlobalSection(ProjectConfigurationPlatforms) = postSolution
		{B768F37F-2E77-497A-9D63-CA412D190DA5}.Debug|x64.ActiveCfg = Debug|x64
		{B768F37F-2E77-497A-9D63-CA412D190DA5}.Debug|x64.Build.0 = Debug|x64
		{B768F37F-2E77-497A-9D63-CA412D190DA5}.Debug|x86.ActiveCfg = Debug|Win32
		{B768F37F-2E77-497A-9D63-CA412D190DA5}.Debug|x86.Build.0 = Debug|Win32
		{B768F37F-2E77-497A-9D63-CA412D190DA5}.Release|x64.ActiveCfg = Release|x64
		{B768F37F-2E77-497A-9D63-CA412D190DA5}.Release|x64.Build.0 = Release|x64
		{B768F37F-2E77-497A-9D63-CA412D190DA5}.Release|x86.ActiveCfg = Release|Win32
		{B768F37F-2E77-497A-9D63-CA412D190DA5}.Release|x86.Build.0 = Release|Win32
		{77B116E2-CD4A-463D-817A-66708FC00D0C}.Debug|x64.ActiveCfg = Debug|x64
		{77B116E2-CD4A-463D-817A-66708FC00D0C}.Debug|x64.Build.0 = Debug|x64
		{77B116E2-CD4A-463D-817A-66708FC00D0C}.Debug|x86.ActiveCfg = Debug|Win32
		{77B116E2-CD4A-463D-817A-66708FC00D0C}.Debug|x86.Build.0 = Debug|Win32
		{77B116E2-CD4A-463D-817A-66708FC00D0C}.Release|x64.ActiveCfg = Release|x64
		{77B116E2-CD4A-463D-817A-66708FC00D0C}.Release|x64.Build.0 = Release|x64
		{77B116E2-CD4A-463D-817A-66708FC00D0C}.Release|x86.ActiveCfg = Release|Win32
		{77B116E2-CD4A-463D-817A-66708FC00D0C}.Release|x86.Build.0 = Release|Win32
	EndGlobalSection
	GlobalSection(SolutionProperties) = preSolution
		HideSolutionNode = FALSE
	EndGlobalSection
	GlobalSection(ExtensibilityGlobals) = postSolution
		SolutionGuid = {627B0126-2AF3-43D0-A3B0-475E91654CD2}
	EndGlobalSection
EndGlobal
